
Microsoft Visual Studio Solution File, Format Version 12.00
# Visual Studio Version 16
VisualStudioVersion = 16.0.31005.135
MinimumVisualStudioVersion = 10.0.40219.1
Project("{FAE04EC0-301F-11D3-BF4B-00C04F79EFBC}") = "GeoLab_5_17_AJAX", "GeoLab_5_17_AJAX\GeoLab_5_17_AJAX.csproj", "{46319AE0-E366-4E88-816F-6233A4D6A026}"
EndProject
Global
	GlobalSection(SolutionConfigurationPlatforms) = preSolution
		Debug|Any CPU = Debug|Any CPU
		Release|Any CPU = Release|Any CPU
	EndGlobalSection
	GlobalSection(ProjectConfigurationPlatforms) = postSolution
		{46319AE0-E366-4E88-816F-6233A4D6A026}.Debug|Any CPU.ActiveCfg = Debug|Any CPU
		{46319AE0-E366-4E88-816F-6233A4D6A026}.Debug|Any CPU.Build.0 = Debug|Any CPU
		{46319AE0-E366-4E88-816F-6233A4D6A026}.Release|Any CPU.ActiveCfg = Release|Any CPU
		{46319AE0-E366-4E88-816F-6233A4D6A026}.Release|Any CPU.Build.0 = Release|Any CPU
	EndGlobalSection
	GlobalSection(SolutionProperties) = preSolution
		HideSolutionNode = FALSE
	EndGlobalSection
	GlobalSection(ExtensibilityGlobals) = postSolution
		SolutionGuid = {CF5039FC-BBD9-4AA6-9B7E-D500443BD061}
	EndGlobalSection
EndGlobal
